// !$*UTF8*$!
{
	archiveVersion = 1;
	classes = {
	};
	objectVersion = 50;
	objects = {

/* Begin PBXBuildFile section */
		C2EF3A562227B04B0041A869 /* AppDelegate.m in Sources */ = {isa = PBXBuildFile; fileRef = C2EF3A552227B04B0041A869 /* AppDelegate.m */; };
		C2EF3A592227B04B0041A869 /* ViewController.m in Sources */ = {isa = PBXBuildFile; fileRef = C2EF3A582227B04B0041A869 /* ViewController.m */; };
		C2EF3A5C2227B04C0041A869 /* Main.storyboard in Resources */ = {isa = PBXBuildFile; fileRef = C2EF3A5A2227B04C0041A869 /* Main.storyboard */; };
		C2EF3A5E2227B04D0041A869 /* Assets.xcassets in Resources */ = {isa = PBXBuildFile; fileRef = C2EF3A5D2227B04D0041A869 /* Assets.xcassets */; };
		C2EF3A612227B04D0041A869 /* LaunchScreen.storyboard in Resources */ = {isa = PBXBuildFile; fileRef = C2EF3A5F2227B04D0041A869 /* LaunchScreen.storyboard */; };
		C2EF3A642227B04E0041A869 /* main.m in Sources */ = {isa = PBXBuildFile; fileRef = C2EF3A632227B04E0041A869 /* main.m */; };
		C2EF3A6E2227B04E0041A869 /* YFFastKitDemoTests.m in Sources */ = {isa = PBXBuildFile; fileRef = C2EF3A6D2227B04E0041A869 /* YFFastKitDemoTests.m */; };
		C2EF3A792227B04E0041A869 /* YFFastKitDemoUITests.m in Sources */ = {isa = PBXBuildFile; fileRef = C2EF3A782227B04E0041A869 /* YFFastKitDemoUITests.m */; };
		C2EF3A942227B07C0041A869 /* FastModel.m in Sources */ = {isa = PBXBuildFile; fileRef = C2EF3A882227B07C0041A869 /* FastModel.m */; };
		C2EF3A952227B07C0041A869 /* UITextField+fast.m in Sources */ = {isa = PBXBuildFile; fileRef = C2EF3A892227B07C0041A869 /* UITextField+fast.m */; };
		C2EF3A962227B07C0041A869 /* UILabel+fast.m in Sources */ = {isa = PBXBuildFile; fileRef = C2EF3A8A2227B07C0041A869 /* UILabel+fast.m */; };
		C2EF3A972227B07C0041A869 /* UIButton+fast.m in Sources */ = {isa = PBXBuildFile; fileRef = C2EF3A8B2227B07C0041A869 /* UIButton+fast.m */; };
		C2EF3A982227B07C0041A869 /* UIImageView+fast.m in Sources */ = {isa = PBXBuildFile; fileRef = C2EF3A8C2227B07C0041A869 /* UIImageView+fast.m */; };
		C2EF3A992227B07C0041A869 /* UIView+fast.m in Sources */ = {isa = PBXBuildFile; fileRef = C2EF3A8E2227B07C0041A869 /* UIView+fast.m */; };
/* End PBXBuildFile section */

/* Begin PBXContainerItemProxy section */
		C2EF3A6A2227B04E0041A869 /* PBXContainerItemProxy */ = {
			isa = PBXContainerItemProxy;
			containerPortal = C2EF3A492227B04B0041A869 /* Project object */;
			proxyType = 1;
			remoteGlobalIDString = C2EF3A502227B04B0041A869;
			remoteInfo = YFFastKitDemo;
		};
		C2EF3A752227B04E0041A869 /* PBXContainerItemProxy */ = {
			isa = PBXContainerItemProxy;
			containerPortal = C2EF3A492227B04B0041A869 /* Project object */;
			proxyType = 1;
			remoteGlobalIDString = C2EF3A502227B04B0041A869;
			remoteInfo = YFFastKitDemo;
		};
/* End PBXContainerItemProxy section */

/* Begin PBXFileReference section */
		C2EF3A512227B04B0041A869 /* YFFastKitDemo.app */ = {isa = PBXFileReference; explicitFileType = wrapper.application; includeInIndex = 0; path = YFFastKitDemo.app; sourceTree = BUILT_PRODUCTS_DIR; };
		C2EF3A542227B04B0041A869 /* AppDelegate.h */ = {isa = PBXFileReference; lastKnownFileType = sourcecode.c.h; path = AppDelegate.h; sourceTree = "<group>"; };
		C2EF3A552227B04B0041A869 /* AppDelegate.m */ = {isa = PBXFileReference; lastKnownFileType = sourcecode.c.objc; path = AppDelegate.m; sourceTree = "<group>"; };
		C2EF3A572227B04B0041A869 /* ViewController.h */ = {isa = PBXFileReference; lastKnownFileType = sourcecode.c.h; path = ViewController.h; sourceTree = "<group>"; };
		C2EF3A582227B04B0041A869 /* ViewController.m */ = {isa = PBXFileReference; lastKnownFileType = sourcecode.c.objc; path = ViewController.m; sourceTree = "<group>"; };
		C2EF3A5B2227B04C0041A869 /* Base */ = {isa = PBXFileReference; lastKnownFileType = file.storyboard; name = Base; path = Base.lproj/Main.storyboard; sourceTree = "<group>"; };
		C2EF3A5D2227B04D0041A869 /* Assets.xcassets */ = {isa = PBXFileReference; lastKnownFileType = folder.assetcatalog; path = Assets.xcassets; sourceTree = "<group>"; };
		C2EF3A602227B04D0041A869 /* Base */ = {isa = PBXFileReference; lastKnownFileType = file.storyboard; name = Base; path = Base.lproj/LaunchScreen.storyboard; sourceTree = "<group>"; };
		C2EF3A622227B04E0041A869 /* Info.plist */ = {isa = PBXFileReference; lastKnownFileType = text.plist.xml; path = Info.plist; sourceTree = "<group>"; };
		C2EF3A632227B04E0041A869 /* main.m */ = {isa = PBXFileReference; lastKnownFileType = sourcecode.c.objc; path = main.m; sourceTree = "<group>"; };
		C2EF3A692227B04E0041A869 /* YFFastKitDemoTests.xctest */ = {isa = PBXFileReference; explicitFileType = wrapper.cfbundle; includeInIndex = 0; path = YFFastKitDemoTests.xctest; sourceTree = BUILT_PRODUCTS_DIR; };
		C2EF3A6D2227B04E0041A869 /* YFFastKitDemoTests.m */ = {isa = PBXFileReference; lastKnownFileType = sourcecode.c.objc; path = YFFastKitDemoTests.m; sourceTree = "<group>"; };
		C2EF3A6F2227B04E0041A869 /* Info.plist */ = {isa = PBXFileReference; lastKnownFileType = text.plist.xml; path = Info.plist; sourceTree = "<group>"; };
		C2EF3A742227B04E0041A869 /* YFFastKitDemoUITests.xctest */ = {isa = PBXFileReference; explicitFileType = wrapper.cfbundle; includeInIndex = 0; path = YFFastKitDemoUITests.xctest; sourceTree = BUILT_PRODUCTS_DIR; };
		C2EF3A782227B04E0041A869 /* YFFastKitDemoUITests.m */ = {isa = PBXFileReference; lastKnownFileType = sourcecode.c.objc; path = YFFastKitDemoUITests.m; sourceTree = "<group>"; };
		C2EF3A7A2227B04E0041A869 /* Info.plist */ = {isa = PBXFileReference; lastKnownFileType = text.plist.xml; path = Info.plist; sourceTree = "<group>"; };
		C2EF3A872227B07C0041A869 /* UIView+fast.h */ = {isa = PBXFileReference; fileEncoding = 4; lastKnownFileType = sourcecode.c.h; path = "UIView+fast.h"; sourceTree = "<group>"; };
		C2EF3A882227B07C0041A869 /* FastModel.m */ = {isa = PBXFileReference; fileEncoding = 4; lastKnownFileType = sourcecode.c.objc; path = FastModel.m; sourceTree = "<group>"; };
		C2EF3A892227B07C0041A869 /* UITextField+fast.m */ = {isa = PBXFileReference; fileEncoding = 4; lastKnownFileType = sourcecode.c.objc; path = "UITextField+fast.m"; sourceTree = "<group>"; };
		C2EF3A8A2227B07C0041A869 /* UILabel+fast.m */ = {isa = PBXFileReference; fileEncoding = 4; lastKnownFileType = sourcecode.c.objc; path = "UILabel+fast.m"; sourceTree = "<group>"; };
		C2EF3A8B2227B07C0041A869 /* UIButton+fast.m */ = {isa = PBXFileReference; fileEncoding = 4; lastKnownFileType = sourcecode.c.objc; path = "UIButton+fast.m"; sourceTree = "<group>"; };
		C2EF3A8C2227B07C0041A869 /* UIImageView+fast.m */ = {isa = PBXFileReference; fileEncoding = 4; lastKnownFileType = sourcecode.c.objc; path = "UIImageView+fast.m"; sourceTree = "<group>"; };
		C2EF3A8D2227B07C0041A869 /* FastModel.h */ = {isa = PBXFileReference; fileEncoding = 4; lastKnownFileType = sourcecode.c.h; path = FastModel.h; sourceTree = "<group>"; };
		C2EF3A8E2227B07C0041A869 /* UIView+fast.m */ = {isa = PBXFileReference; fileEncoding = 4; lastKnownFileType = sourcecode.c.objc; path = "UIView+fast.m"; sourceTree = "<group>"; };
		C2EF3A8F2227B07C0041A869 /* UITextField+fast.h */ = {isa = PBXFileReference; fileEncoding = 4; lastKnownFileType = sourcecode.c.h; path = "UITextField+fast.h"; sourceTree = "<group>"; };
		C2EF3A902227B07C0041A869 /* UIButton+fast.h */ = {isa = PBXFileReference; fileEncoding = 4; lastKnownFileType = sourcecode.c.h; path = "UIButton+fast.h"; sourceTree = "<group>"; };
		C2EF3A912227B07C0041A869 /* UILabel+fast.h */ = {isa = PBXFileReference; fileEncoding = 4; lastKnownFileType = sourcecode.c.h; path = "UILabel+fast.h"; sourceTree = "<group>"; };
		C2EF3A922227B07C0041A869 /* FastKit.h */ = {isa = PBXFileReference; fileEncoding = 4; lastKnownFileType = sourcecode.c.h; path = FastKit.h; sourceTree = "<group>"; };
		C2EF3A932227B07C0041A869 /* UIImageView+fast.h */ = {isa = PBXFileReference; fileEncoding = 4; lastKnownFileType = sourcecode.c.h; path = "UIImageView+fast.h"; sourceTree = "<group>"; };
/* End PBXFileReference section */

/* Begin PBXFrameworksBuildPhase section */
		C2EF3A4E2227B04B0041A869 /* Frameworks */ = {
			isa = PBXFrameworksBuildPhase;
			buildActionMask = 2147483647;
			files = (
			);
			runOnlyForDeploymentPostprocessing = 0;
		};
		C2EF3A662227B04E0041A869 /* Frameworks */ = {
			isa = PBXFrameworksBuildPhase;
			buildActionMask = 2147483647;
			files = (
			);
			runOnlyForDeploymentPostprocessing = 0;
		};
		C2EF3A712227B04E0041A869 /* Frameworks */ = {
			isa = PBXFrameworksBuildPhase;
			buildActionMask = 2147483647;
			files = (
			);
			runOnlyForDeploymentPostprocessing = 0;
		};
/* End PBXFrameworksBuildPhase section */

/* Begin PBXGroup section */
		C2EF3A482227B04B0041A869 = {
			isa = PBXGroup;
			children = (
				C2EF3A532227B04B0041A869 /* YFFastKitDemo */,
				C2EF3A6C2227B04E0041A869 /* YFFastKitDemoTests */,
				C2EF3A772227B04E0041A869 /* YFFastKitDemoUITests */,
				C2EF3A522227B04B0041A869 /* Products */,
			);
			sourceTree = "<group>";
		};
		C2EF3A522227B04B0041A869 /* Products */ = {
			isa = PBXGroup;
			children = (
				C2EF3A512227B04B0041A869 /* YFFastKitDemo.app */,
				C2EF3A692227B04E0041A869 /* YFFastKitDemoTests.xctest */,
				C2EF3A742227B04E0041A869 /* YFFastKitDemoUITests.xctest */,
			);
			name = Products;
			sourceTree = "<group>";
		};
		C2EF3A532227B04B0041A869 /* YFFastKitDemo */ = {
			isa = PBXGroup;
			children = (
				C2EF3A862227B07C0041A869 /* FastKit */,
				C2EF3A542227B04B0041A869 /* AppDelegate.h */,
				C2EF3A552227B04B0041A869 /* AppDelegate.m */,
				C2EF3A572227B04B0041A869 /* ViewController.h */,
				C2EF3A582227B04B0041A869 /* ViewController.m */,
				C2EF3A5A2227B04C0041A869 /* Main.storyboard */,
				C2EF3A5D2227B04D0041A869 /* Assets.xcassets */,
				C2EF3A5F2227B04D0041A869 /* LaunchScreen.storyboard */,
				C2EF3A622227B04E0041A869 /* Info.plist */,
				C2EF3A632227B04E0041A869 /* main.m */,
			);
			path = YFFastKitDemo;
			sourceTree = "<group>";
		};
		C2EF3A6C2227B04E0041A869 /* YFFastKitDemoTests */ = {
			isa = PBXGroup;
			children = (
				C2EF3A6D2227B04E0041A869 /* YFFastKitDemoTests.m */,
				C2EF3A6F2227B04E0041A869 /* Info.plist */,
			);
			path = YFFastKitDemoTests;
			sourceTree = "<group>";
		};
		C2EF3A772227B04E0041A869 /* YFFastKitDemoUITests */ = {
			isa = PBXGroup;
			children = (
				C2EF3A782227B04E0041A869 /* YFFastKitDemoUITests.m */,
				C2EF3A7A2227B04E0041A869 /* Info.plist */,
			);
			path = YFFastKitDemoUITests;
			sourceTree = "<group>";
		};
		C2EF3A862227B07C0041A869 /* FastKit */ = {
			isa = PBXGroup;
			children = (
				C2EF3A922227B07C0041A869 /* FastKit.h */,
				C2EF3A872227B07C0041A869 /* UIView+fast.h */,
				C2EF3A8E2227B07C0041A869 /* UIView+fast.m */,
				C2EF3A8D2227B07C0041A869 /* FastModel.h */,
				C2EF3A882227B07C0041A869 /* FastModel.m */,
				C2EF3A912227B07C0041A869 /* UILabel+fast.h */,
				C2EF3A8A2227B07C0041A869 /* UILabel+fast.m */,
				C2EF3A902227B07C0041A869 /* UIButton+fast.h */,
				C2EF3A8B2227B07C0041A869 /* UIButton+fast.m */,
				C2EF3A8F2227B07C0041A869 /* UITextField+fast.h */,
				C2EF3A892227B07C0041A869 /* UITextField+fast.m */,
				C2EF3A932227B07C0041A869 /* UIImageView+fast.h */,
				C2EF3A8C2227B07C0041A869 /* UIImageView+fast.m */,
			);
			path = FastKit;
			sourceTree = "<group>";
		};
/* End PBXGroup section */

/* Begin PBXNativeTarget section */
		C2EF3A502227B04B0041A869 /* YFFastKitDemo */ = {
			isa = PBXNativeTarget;
			buildConfigurationList = C2EF3A7D2227B04E0041A869 /* Build configuration list for PBXNativeTarget "YFFastKitDemo" */;
			buildPhases = (
				C2EF3A4D2227B04B0041A869 /* Sources */,
				C2EF3A4E2227B04B0041A869 /* Frameworks */,
				C2EF3A4F2227B04B0041A869 /* Resources */,
			);
			buildRules = (
			);
			dependencies = (
			);
			name = YFFastKitDemo;
			productName = YFFastKitDemo;
			productReference = C2EF3A512227B04B0041A869 /* YFFastKitDemo.app */;
			productType = "com.apple.product-type.application";
		};
		C2EF3A682227B04E0041A869 /* YFFastKitDemoTests */ = {
			isa = PBXNativeTarget;
			buildConfigurationList = C2EF3A802227B04E0041A869 /* Build configuration list for PBXNativeTarget "YFFastKitDemoTests" */;
			buildPhases = (
				C2EF3A652227B04E0041A869 /* Sources */,
				C2EF3A662227B04E0041A869 /* Frameworks */,
				C2EF3A672227B04E0041A869 /* Resources */,
			);
			buildRules = (
			);
			dependencies = (
				C2EF3A6B2227B04E0041A869 /* PBXTargetDependency */,
			);
			name = YFFastKitDemoTests;
			productName = YFFastKitDemoTests;
			productReference = C2EF3A692227B04E0041A869 /* YFFastKitDemoTests.xctest */;
			productType = "com.apple.product-type.bundle.unit-test";
		};
		C2EF3A732227B04E0041A869 /* YFFastKitDemoUITests */ = {
			isa = PBXNativeTarget;
			buildConfigurationList = C2EF3A832227B04E0041A869 /* Build configuration list for PBXNativeTarget "YFFastKitDemoUITests" */;
			buildPhases = (
				C2EF3A702227B04E0041A869 /* Sources */,
				C2EF3A712227B04E0041A869 /* Frameworks */,
				C2EF3A722227B04E0041A869 /* Resources */,
			);
			buildRules = (
			);
			dependencies = (
				C2EF3A762227B04E0041A869 /* PBXTargetDependency */,
			);
			name = YFFastKitDemoUITests;
			productName = YFFastKitDemoUITests;
			productReference = C2EF3A742227B04E0041A869 /* YFFastKitDemoUITests.xctest */;
			productType = "com.apple.product-type.bundle.ui-testing";
		};
/* End PBXNativeTarget section */

/* Begin PBXProject section */
		C2EF3A492227B04B0041A869 /* Project object */ = {
			isa = PBXProject;
			attributes = {
				LastUpgradeCheck = 1010;
				ORGANIZATIONNAME = "耿远风";
				TargetAttributes = {
					C2EF3A502227B04B0041A869 = {
						CreatedOnToolsVersion = 10.1;
					};
					C2EF3A682227B04E0041A869 = {
						CreatedOnToolsVersion = 10.1;
						TestTargetID = C2EF3A502227B04B0041A869;
					};
					C2EF3A732227B04E0041A869 = {
						CreatedOnToolsVersion = 10.1;
						TestTargetID = C2EF3A502227B04B0041A869;
					};
				};
			};
			buildConfigurationList = C2EF3A4C2227B04B0041A869 /* Build configuration list for PBXProject "YFFastKitDemo" */;
			compatibilityVersion = "Xcode 9.3";
			developmentRegion = en;
			hasScannedForEncodings = 0;
			knownRegions = (
				en,
				Base,
			);
			mainGroup = C2EF3A482227B04B0041A869;
			productRefGroup = C2EF3A522227B04B0041A869 /* Products */;
			projectDirPath = "";
			projectRoot = "";
			targets = (
				C2EF3A502227B04B0041A869 /* YFFastKitDemo */,
				C2EF3A682227B04E0041A869 /* YFFastKitDemoTests */,
				C2EF3A732227B04E0041A869 /* YFFastKitDemoUITests */,
			);
		};
/* End PBXProject section */

/* Begin PBXResourcesBuildPhase section */
		C2EF3A4F2227B04B0041A869 /* Resources */ = {
			isa = PBXResourcesBuildPhase;
			buildActionMask = 2147483647;
			files = (
				C2EF3A612227B04D0041A869 /* LaunchScreen.storyboard in Resources */,
				C2EF3A5E2227B04D0041A869 /* Assets.xcassets in Resources */,
				C2EF3A5C2227B04C0041A869 /* Main.storyboard in Resources */,
			);
			runOnlyForDeploymentPostprocessing = 0;
		};
		C2EF3A672227B04E0041A869 /* Resources */ = {
			isa = PBXResourcesBuildPhase;
			buildActionMask = 2147483647;
			files = (
			);
			runOnlyForDeploymentPostprocessing = 0;
		};
		C2EF3A722227B04E0041A869 /* Resources */ = {
			isa = PBXResourcesBuildPhase;
			buildActionMask = 2147483647;
			files = (
			);
			runOnlyForDeploymentPostprocessing = 0;
		};
/* End PBXResourcesBuildPhase section */

/* Begin PBXSourcesBuildPhase section */
		C2EF3A4D2227B04B0041A869 /* Sources */ = {
			isa = PBXSourcesBuildPhase;
			buildActionMask = 2147483647;
			files = (
				C2EF3A992227B07C0041A869 /* UIView+fast.m in Sources */,
				C2EF3A952227B07C0041A869 /* UITextField+fast.m in Sources */,
				C2EF3A592227B04B0041A869 /* ViewController.m in Sources */,
				C2EF3A982227B07C0041A869 /* UIImageView+fast.m in Sources */,
				C2EF3A942227B07C0041A869 /* FastModel.m in Sources */,
				C2EF3A642227B04E0041A869 /* main.m in Sources */,
				C2EF3A972227B07C0041A869 /* UIButton+fast.m in Sources */,
				C2EF3A962227B07C0041A869 /* UILabel+fast.m in Sources */,
				C2EF3A562227B04B0041A869 /* AppDelegate.m in Sources */,
			);
			runOnlyForDeploymentPostprocessing = 0;
		};
		C2EF3A652227B04E0041A869 /* Sources */ = {
			isa = PBXSourcesBuildPhase;
			buildActionMask = 2147483647;
			files = (
				C2EF3A6E2227B04E0041A869 /* YFFastKitDemoTests.m in Sources */,
			);
			runOnlyForDeploymentPostprocessing = 0;
		};
		C2EF3A702227B04E0041A869 /* Sources */ = {
			isa = PBXSourcesBuildPhase;
			buildActionMask = 2147483647;
			files = (
				C2EF3A792227B04E0041A869 /* YFFastKitDemoUITests.m in Sources */,
			);
			runOnlyForDeploymentPostprocessing = 0;
		};
/* End PBXSourcesBuildPhase section */

/* Begin PBXTargetDependency section */
		C2EF3A6B2227B04E0041A869 /* PBXTargetDependency */ = {
			isa = PBXTargetDependency;
			target = C2EF3A502227B04B0041A869 /* YFFastKitDemo */;
			targetProxy = C2EF3A6A2227B04E0041A869 /* PBXContainerItemProxy */;
		};
		C2EF3A762227B04E0041A869 /* PBXTargetDependency */ = {
			isa = PBXTargetDependency;
			target = C2EF3A502227B04B0041A869 /* YFFastKitDemo */;
			targetProxy = C2EF3A752227B04E0041A869 /* PBXContainerItemProxy */;
		};
/* End PBXTargetDependency section */

/* Begin PBXVariantGroup section */
		C2EF3A5A2227B04C0041A869 /* Main.storyboard */ = {
			isa = PBXVariantGroup;
			children = (
				C2EF3A5B2227B04C0041A869 /* Base */,
			);
			name = Main.storyboard;
			sourceTree = "<group>";
		};
		C2EF3A5F2227B04D0041A869 /* LaunchScreen.storyboard */ = {
			isa = PBXVariantGroup;
			children = (
				C2EF3A602227B04D0041A869 /* Base */,
			);
			name = LaunchScreen.storyboard;
			sourceTree = "<group>";
		};
/* End PBXVariantGroup section */

/* Begin XCBuildConfiguration section */
		C2EF3A7B2227B04E0041A869 /* Debug */ = {
			isa = XCBuildConfiguration;
			buildSettings = {
				ALWAYS_SEARCH_USER_PATHS = NO;
				CLANG_ANALYZER_NONNULL = YES;
				CLANG_ANALYZER_NUMBER_OBJECT_CONVERSION = YES_AGGRESSIVE;
				CLANG_CXX_LANGUAGE_STANDARD = "gnu++14";
				CLANG_CXX_LIBRARY = "libc++";
				CLANG_ENABLE_MODULES = YES;
				CLANG_ENABLE_OBJC_ARC = YES;
				CLANG_ENABLE_OBJC_WEAK = YES;
				CLANG_WARN_BLOCK_CAPTURE_AUTORELEASING = YES;
				CLANG_WARN_BOOL_CONVERSION = YES;
				CLANG_WARN_COMMA = YES;
				CLANG_WARN_CONSTANT_CONVERSION = YES;
				CLANG_WARN_DEPRECATED_OBJC_IMPLEMENTATIONS = YES;
				CLANG_WARN_DIRECT_OBJC_ISA_USAGE = YES_ERROR;
				CLANG_WARN_DOCUMENTATION_COMMENTS = YES;
				CLANG_WARN_EMPTY_BODY = YES;
				CLANG_WARN_ENUM_CONVERSION = YES;
				CLANG_WARN_INFINITE_RECURSION = YES;
				CLANG_WARN_INT_CONVERSION = YES;
				CLANG_WARN_NON_LITERAL_NULL_CONVERSION = YES;
				CLANG_WARN_OBJC_IMPLICIT_RETAIN_SELF = YES;
				CLANG_WARN_OBJC_LITERAL_CONVERSION = YES;
				CLANG_WARN_OBJC_ROOT_CLASS = YES_ERROR;
				CLANG_WARN_RANGE_LOOP_ANALYSIS = YES;
				CLANG_WARN_STRICT_PROTOTYPES = YES;
				CLANG_WARN_SUSPICIOUS_MOVE = YES;
				CLANG_WARN_UNGUARDED_AVAILABILITY = YES_AGGRESSIVE;
				CLANG_WARN_UNREACHABLE_CODE = YES;
				CLANG_WARN__DUPLICATE_METHOD_MATCH = YES;
				CODE_SIGN_IDENTITY = "iPhone Developer";
				COPY_PHASE_STRIP = NO;
				DEBUG_INFORMATION_FORMAT = dwarf;
				ENABLE_STRICT_OBJC_MSGSEND = YES;
				ENABLE_TESTABILITY = YES;
				GCC_C_LANGUAGE_STANDARD = gnu11;
				GCC_DYNAMIC_NO_PIC = NO;
				GCC_NO_COMMON_BLOCKS = YES;
				GCC_OPTIMIZATION_LEVEL = 0;
				GCC_PREPROCESSOR_DEFINITIONS = (
					"DEBUG=1",
					"$(inherited)",
				);
				GCC_WARN_64_TO_32_BIT_CONVERSION = YES;
				GCC_WARN_ABOUT_RETURN_TYPE = YES_ERROR;
				GCC_WARN_UNDECLARED_SELECTOR = YES;
				GCC_WARN_UNINITIALIZED_AUTOS = YES_AGGRESSIVE;
				GCC_WARN_UNUSED_FUNCTION = YES;
				GCC_WARN_UNUSED_VARIABLE = YES;
				IPHONEOS_DEPLOYMENT_TARGET = 12.1;
				MTL_ENABLE_DEBUG_INFO = INCLUDE_SOURCE;
				MTL_FAST_MATH = YES;
				ONLY_ACTIVE_ARCH = YES;
				SDKROOT = iphoneos;
			};
			name = Debug;
		};
		C2EF3A7C2227B04E0041A869 /* Release */ = {
			isa = XCBuildConfiguration;
			buildSettings = {
				ALWAYS_SEARCH_USER_PATHS = NO;
				CLANG_ANALYZER_NONNULL = YES;
				CLANG_ANALYZER_NUMBER_OBJECT_CONVERSION = YES_AGGRESSIVE;
				CLANG_CXX_LANGUAGE_STANDARD = "gnu++14";
				CLANG_CXX_LIBRARY = "libc++";
				CLANG_ENABLE_MODULES = YES;
				CLANG_ENABLE_OBJC_ARC = YES;
				CLANG_ENABLE_OBJC_WEAK = YES;
				CLANG_WARN_BLOCK_CAPTURE_AUTORELEASING = YES;
				CLANG_WARN_BOOL_CONVERSION = YES;
				CLANG_WARN_COMMA = YES;
				CLANG_WARN_CONSTANT_CONVERSION = YES;
				CLANG_WARN_DEPRECATED_OBJC_IMPLEMENTATIONS = YES;
				CLANG_WARN_DIRECT_OBJC_ISA_USAGE = YES_ERROR;
				CLANG_WARN_DOCUMENTATION_COMMENTS = YES;
				CLANG_WARN_EMPTY_BODY = YES;
				CLANG_WARN_ENUM_CONVERSION = YES;
				CLANG_WARN_INFINITE_RECURSION = YES;
				CLANG_WARN_INT_CONVERSION = YES;
				CLANG_WARN_NON_LITERAL_NULL_CONVERSION = YES;
				CLANG_WARN_OBJC_IMPLICIT_RETAIN_SELF = YES;
				CLANG_WARN_OBJC_LITERAL_CONVERSION = YES;
				CLANG_WARN_OBJC_ROOT_CLASS = YES_ERROR;
				CLANG_WARN_RANGE_LOOP_ANALYSIS = YES;
				CLANG_WARN_STRICT_PROTOTYPES = YES;
				CLANG_WARN_SUSPICIOUS_MOVE = YES;
				CLANG_WARN_UNGUARDED_AVAILABILITY = YES_AGGRESSIVE;
				CLANG_WARN_UNREACHABLE_CODE = YES;
				CLANG_WARN__DUPLICATE_METHOD_MATCH = YES;
				CODE_SIGN_IDENTITY = "iPhone Developer";
				COPY_PHASE_STRIP = NO;
				DEBUG_INFORMATION_FORMAT = "dwarf-with-dsym";
				ENABLE_NS_ASSERTIONS = NO;
				ENABLE_STRICT_OBJC_MSGSEND = YES;
				GCC_C_LANGUAGE_STANDARD = gnu11;
				GCC_NO_COMMON_BLOCKS = YES;
				GCC_WARN_64_TO_32_BIT_CONVERSION = YES;
				GCC_WARN_ABOUT_RETURN_TYPE = YES_ERROR;
				GCC_WARN_UNDECLARED_SELECTOR = YES;
				GCC_WARN_UNINITIALIZED_AUTOS = YES_AGGRESSIVE;
				GCC_WARN_UNUSED_FUNCTION = YES;
				GCC_WARN_UNUSED_VARIABLE = YES;
				IPHONEOS_DEPLOYMENT_TARGET = 12.1;
				MTL_ENABLE_DEBUG_INFO = NO;
				MTL_FAST_MATH = YES;
				SDKROOT = iphoneos;
				VALIDATE_PRODUCT = YES;
			};
			name = Release;
		};
		C2EF3A7E2227B04E0041A869 /* Debug */ = {
			isa = XCBuildConfiguration;
			buildSettings = {
				ASSETCATALOG_COMPILER_APPICON_NAME = AppIcon;
				CODE_SIGN_STYLE = Automatic;
				DEVELOPMENT_TEAM = UG6P8XMXWW;
				INFOPLIST_FILE = YFFastKitDemo/Info.plist;
				LD_RUNPATH_SEARCH_PATHS = (
					"$(inherited)",
					"@executable_path/Frameworks",
				);
				PRODUCT_BUNDLE_IDENTIFIER = com.YFFastKit.YFFastKitDemo;
				PRODUCT_NAME = "$(TARGET_NAME)";
				TARGETED_DEVICE_FAMILY = "1,2";
			};
			name = Debug;
		};
		C2EF3A7F2227B04E0041A869 /* Release */ = {
			isa = XCBuildConfiguration;
			buildSettings = {
				ASSETCATALOG_COMPILER_APPICON_NAME = AppIcon;
				CODE_SIGN_STYLE = Automatic;
				DEVELOPMENT_TEAM = UG6P8XMXWW;
				INFOPLIST_FILE = YFFastKitDemo/Info.plist;
				LD_RUNPATH_SEARCH_PATHS = (
					"$(inherited)",
					"@executable_path/Frameworks",
				);
				PRODUCT_BUNDLE_IDENTIFIER = com.YFFastKit.YFFastKitDemo;
				PRODUCT_NAME = "$(TARGET_NAME)";
				TARGETED_DEVICE_FAMILY = "1,2";
			};
			name = Release;
		};
		C2EF3A812227B04E0041A869 /* Debug */ = {
			isa = XCBuildConfiguration;
			buildSettings = {
				BUNDLE_LOADER = "$(TEST_HOST)";
				CODE_SIGN_STYLE = Automatic;
				DEVELOPMENT_TEAM = UG6P8XMXWW;
				INFOPLIST_FILE = YFFastKitDemoTests/Info.plist;
				LD_RUNPATH_SEARCH_PATHS = (
					"$(inherited)",
					"@executable_path/Frameworks",
					"@loader_path/Frameworks",
				);
				PRODUCT_BUNDLE_IDENTIFIER = com.YFFastKit.YFFastKitDemoTests;
				PRODUCT_NAME = "$(TARGET_NAME)";
				TARGETED_DEVICE_FAMILY = "1,2";
				TEST_HOST = "$(BUILT_PRODUCTS_DIR)/YFFastKitDemo.app/YFFastKitDemo";
			};
			name = Debug;
		};
		C2EF3A822227B04E0041A869 /* Release */ = {
			isa = XCBuildConfiguration;
			buildSettings = {
				BUNDLE_LOADER = "$(TEST_HOST)";
				CODE_SIGN_STYLE = Automatic;
				DEVELOPMENT_TEAM = UG6P8XMXWW;
				INFOPLIST_FILE = YFFastKitDemoTests/Info.plist;
				LD_RUNPATH_SEARCH_PATHS = (
					"$(inherited)",
					"@executable_path/Frameworks",
					"@loader_path/Frameworks",
				);
				PRODUCT_BUNDLE_IDENTIFIER = com.YFFastKit.YFFastKitDemoTests;
				PRODUCT_NAME = "$(TARGET_NAME)";
				TARGETED_DEVICE_FAMILY = "1,2";
				TEST_HOST = "$(BUILT_PRODUCTS_DIR)/YFFastKitDemo.app/YFFastKitDemo";
			};
			name = Release;
		};
		C2EF3A842227B04E0041A869 /* Debug */ = {
			isa = XCBuildConfiguration;
			buildSettings = {
				CODE_SIGN_STYLE = Automatic;
				DEVELOPMENT_TEAM = UG6P8XMXWW;
				INFOPLIST_FILE = YFFastKitDemoUITests/Info.plist;
				LD_RUNPATH_SEARCH_PATHS = (
					"$(inherited)",
					"@executable_path/Frameworks",
					"@loader_path/Frameworks",
				);
				PRODUCT_BUNDLE_IDENTIFIER = com.YFFastKit.YFFastKitDemoUITests;
				PRODUCT_NAME = "$(TARGET_NAME)";
				TARGETED_DEVICE_FAMILY = "1,2";
				TEST_TARGET_NAME = YFFastKitDemo;
			};
			name = Debug;
		};
		C2EF3A852227B04E0041A869 /* Release */ = {
			isa = XCBuildConfiguration;
			buildSettings = {
				CODE_SIGN_STYLE = Automatic;
				DEVELOPMENT_TEAM = UG6P8XMXWW;
				INFOPLIST_FILE = YFFastKitDemoUITests/Info.plist;
				LD_RUNPATH_SEARCH_PATHS = (
					"$(inherited)",
					"@executable_path/Frameworks",
					"@loader_path/Frameworks",
				);
				PRODUCT_BUNDLE_IDENTIFIER = com.YFFastKit.YFFastKitDemoUITests;
				PRODUCT_NAME = "$(TARGET_NAME)";
				TARGETED_DEVICE_FAMILY = "1,2";
				TEST_TARGET_NAME = YFFastKitDemo;
			};
			name = Release;
		};
/* End XCBuildConfiguration section */

/* Begin XCConfigurationList section */
		C2EF3A4C2227B04B0041A869 /* Build configuration list for PBXProject "YFFastKitDemo" */ = {
			isa = XCConfigurationList;
			buildConfigurations = (
				C2EF3A7B2227B04E0041A869 /* Debug */,
				C2EF3A7C2227B04E0041A869 /* Release */,
			);
			defaultConfigurationIsVisible = 0;
			defaultConfigurationName = Release;
		};
		C2EF3A7D2227B04E0041A869 /* Build configuration list for PBXNativeTarget "YFFastKitDemo" */ = {
			isa = XCConfigurationList;
			buildConfigurations = (
				C2EF3A7E2227B04E0041A869 /* Debug */,
				C2EF3A7F2227B04E0041A869 /* Release */,
			);
			defaultConfigurationIsVisible = 0;
			defaultConfigurationName = Release;
		};
		C2EF3A802227B04E0041A869 /* Build configuration list for PBXNativeTarget "YFFastKitDemoTests" */ = {
			isa = XCConfigurationList;
			buildConfigurations = (
				C2EF3A812227B04E0041A869 /* Debug */,
				C2EF3A822227B04E0041A869 /* Release */,
			);
			defaultConfigurationIsVisible = 0;
			defaultConfigurationName = Release;
		};
		C2EF3A832227B04E0041A869 /* Build configuration list for PBXNativeTarget "YFFastKitDemoUITests" */ = {
			isa = XCConfigurationList;
			buildConfigurations = (
				C2EF3A842227B04E0041A869 /* Debug */,
				C2EF3A852227B04E0041A869 /* Release */,
			);
			defaultConfigurationIsVisible = 0;
			defaultConfigurationName = Release;
		};
/* End XCConfigurationList section */
	};
	rootObject = C2EF3A492227B04B0041A869 /* Project object */;
}
